
Microsoft Visual Studio Solution File, Format Version 12.00
# Visual Studio 2012
Project("{FAE04EC0-301F-11D3-BF4B-00C04F79EFBC}") = "StatsMix", "StatsMix\StatsMix.csproj", "{BB23E30B-1C85-4761-8F99-57E9B9C962DA}"
EndProject
Project("{2150E333-8FDC-42A3-9474-1A3956D46DE8}") = ".nuget", ".nuget", "{E753691B-7BD1-46D9-B152-FC87F70486DD}"
	ProjectSection(SolutionItems) = preProject
		.nuget\NuGet.Config = .nuget\NuGet.Config
		.nuget\NuGet.exe = .nuget\NuGet.exe
		.nuget\NuGet.targets = .nuget\NuGet.targets
	EndProjectSection
EndProject
Global
	GlobalSection(SolutionConfigurationPlatforms) = preSolution
		Debug|x86 = Debug|x86
		Release|x86 = Release|x86
	EndGlobalSection
	GlobalSection(ProjectConfigurationPlatforms) = postSolution
		{BB23E30B-1C85-4761-8F99-57E9B9C962DA}.Debug|x86.ActiveCfg = Debug|x86
		{BB23E30B-1C85-4761-8F99-57E9B9C962DA}.Debug|x86.Build.0 = Debug|x86
		{BB23E30B-1C85-4761-8F99-57E9B9C962DA}.Release|x86.ActiveCfg = Release|x86
		{BB23E30B-1C85-4761-8F99-57E9B9C962DA}.Release|x86.Build.0 = Release|x86
	EndGlobalSection
	GlobalSection(SolutionProperties) = preSolution
		HideSolutionNode = FALSE
	EndGlobalSection
EndGlobal
